
Microsoft Visual Studio Solution File, Format Version 12.00
# Visual Studio Version 16
VisualStudioVersion = 16.0.31702.278
MinimumVisualStudioVersion = 10.0.40219.1
Project("{FAE04EC0-301F-11D3-BF4B-00C04F79EFBC}") = "PozivNaBroj", "PozivNaBroj\PozivNaBroj.csproj", "{5967930A-25D4-4DE2-B062-176834050259}"
EndProject
Global
	GlobalSection(SolutionConfigurationPlatforms) = preSolution
		Debug|Any CPU = Debug|Any CPU
		Release|Any CPU = Release|Any CPU
	EndGlobalSection
	GlobalSection(ProjectConfigurationPlatforms) = postSolution
		{5967930A-25D4-4DE2-B062-176834050259}.Debug|Any CPU.ActiveCfg = Debug|Any CPU
		{5967930A-25D4-4DE2-B062-176834050259}.Debug|Any CPU.Build.0 = Debug|Any CPU
		{5967930A-25D4-4DE2-B062-176834050259}.Release|Any CPU.ActiveCfg = Release|Any CPU
		{5967930A-25D4-4DE2-B062-176834050259}.Release|Any CPU.Build.0 = Release|Any CPU
	EndGlobalSection
	GlobalSection(SolutionProperties) = preSolution
		HideSolutionNode = FALSE
	EndGlobalSection
	GlobalSection(ExtensibilityGlobals) = postSolution
		SolutionGuid = {D0528CDA-E452-4A3B-BAF3-81ECE7062C76}
	EndGlobalSection
EndGlobal
